// !$*UTF8*$!
{
	archiveVersion = 1;
	classes = {
	};
	objectVersion = 77;
	objects = {

/* Begin PBXBuildFile section */
		2057EF7C2D3C06EF0031A0A5 /* Preview Assets.xcassets in Resources */ = {isa = PBXBuildFile; fileRef = 2057EF762D3C06EF0031A0A5 /* Preview Assets.xcassets */; };
		2057EF7D2D3C06EF0031A0A5 /* Assets.xcassets in Resources */ = {isa = PBXBuildFile; fileRef = 2057EF792D3C06EF0031A0A5 /* Assets.xcassets */; };
		2057EF7E2D3C06EF0031A0A5 /* AlephTechnicalTestApp.swift in Sources */ = {isa = PBXBuildFile; fileRef = 2057EF782D3C06EF0031A0A5 /* AlephTechnicalTestApp.swift */; };
		2057EF832D3C07A10031A0A5 /* HomeView.swift in Sources */ = {isa = PBXBuildFile; fileRef = 2057EF822D3C07A10031A0A5 /* HomeView.swift */; };
		20EE2C4C2D3C53A4003B34E2 /* APIResponse.swift in Sources */ = {isa = PBXBuildFile; fileRef = 20EE2C4B2D3C53A4003B34E2 /* APIResponse.swift */; };
		20EE2C512D3C548A003B34E2 /* CategoriesRemoteDataSource.swift in Sources */ = {isa = PBXBuildFile; fileRef = 20EE2C502D3C548A003B34E2 /* CategoriesRemoteDataSource.swift */; };
		20EE2C532D3C54BF003B34E2 /* CategoriesRemoteDataSourceProtocol.swift in Sources */ = {isa = PBXBuildFile; fileRef = 20EE2C522D3C54BF003B34E2 /* CategoriesRemoteDataSourceProtocol.swift */; };
		20EE2C552D3C5546003B34E2 /* CategoryModel.swift in Sources */ = {isa = PBXBuildFile; fileRef = 20EE2C542D3C5546003B34E2 /* CategoryModel.swift */; };
		20EE2C572D3C55B4003B34E2 /* ItemModel.swift in Sources */ = {isa = PBXBuildFile; fileRef = 20EE2C562D3C55B4003B34E2 /* ItemModel.swift */; };
		20EE2C5A2D3C5722003B34E2 /* NetworkingError.swift in Sources */ = {isa = PBXBuildFile; fileRef = 20EE2C592D3C5722003B34E2 /* NetworkingError.swift */; };
		20EE2C5C2D3C5DA6003B34E2 /* CategoryMetadataModel.swift in Sources */ = {isa = PBXBuildFile; fileRef = 20EE2C5B2D3C5DA6003B34E2 /* CategoryMetadataModel.swift */; };
		20EE2C5E2D3C8A13003B34E2 /* CategoryResponseDataModel.swift in Sources */ = {isa = PBXBuildFile; fileRef = 20EE2C5D2D3C8A13003B34E2 /* CategoryResponseDataModel.swift */; };
		20EE2C622D3CB7F8003B34E2 /* CategoriesRepository.swift in Sources */ = {isa = PBXBuildFile; fileRef = 20EE2C612D3CB7F8003B34E2 /* CategoriesRepository.swift */; };
		20EE2C642D3CB80D003B34E2 /* CategoriesRepositoryProtocol.swift in Sources */ = {isa = PBXBuildFile; fileRef = 20EE2C632D3CB80D003B34E2 /* CategoriesRepositoryProtocol.swift */; };
		20EE2C672D3CBB30003B34E2 /* GetAllCategoriesUseCase.swift in Sources */ = {isa = PBXBuildFile; fileRef = 20EE2C662D3CBB30003B34E2 /* GetAllCategoriesUseCase.swift */; };
		20EE2C6B2D3CBCF7003B34E2 /* DependencyInjection.swift in Sources */ = {isa = PBXBuildFile; fileRef = 20EE2C6A2D3CBCF7003B34E2 /* DependencyInjection.swift */; };
/* End PBXBuildFile section */

/* Begin PBXFileReference section */
		2057EF652D3AA5830031A0A5 /* AlephTechnicalTest.app */ = {isa = PBXFileReference; explicitFileType = wrapper.application; includeInIndex = 0; path = AlephTechnicalTest.app; sourceTree = BUILT_PRODUCTS_DIR; };
		2057EF762D3C06EF0031A0A5 /* Preview Assets.xcassets */ = {isa = PBXFileReference; lastKnownFileType = folder.assetcatalog; path = "Preview Assets.xcassets"; sourceTree = "<group>"; };
		2057EF782D3C06EF0031A0A5 /* AlephTechnicalTestApp.swift */ = {isa = PBXFileReference; lastKnownFileType = sourcecode.swift; path = AlephTechnicalTestApp.swift; sourceTree = "<group>"; };
		2057EF792D3C06EF0031A0A5 /* Assets.xcassets */ = {isa = PBXFileReference; lastKnownFileType = folder.assetcatalog; path = Assets.xcassets; sourceTree = "<group>"; };
		2057EF822D3C07A10031A0A5 /* HomeView.swift */ = {isa = PBXFileReference; lastKnownFileType = sourcecode.swift; path = HomeView.swift; sourceTree = "<group>"; };
		20EE2C4B2D3C53A4003B34E2 /* APIResponse.swift */ = {isa = PBXFileReference; lastKnownFileType = sourcecode.swift; path = APIResponse.swift; sourceTree = "<group>"; };
		20EE2C502D3C548A003B34E2 /* CategoriesRemoteDataSource.swift */ = {isa = PBXFileReference; lastKnownFileType = sourcecode.swift; path = CategoriesRemoteDataSource.swift; sourceTree = "<group>"; };
		20EE2C522D3C54BF003B34E2 /* CategoriesRemoteDataSourceProtocol.swift */ = {isa = PBXFileReference; lastKnownFileType = sourcecode.swift; path = CategoriesRemoteDataSourceProtocol.swift; sourceTree = "<group>"; };
		20EE2C542D3C5546003B34E2 /* CategoryModel.swift */ = {isa = PBXFileReference; lastKnownFileType = sourcecode.swift; path = CategoryModel.swift; sourceTree = "<group>"; };
		20EE2C562D3C55B4003B34E2 /* ItemModel.swift */ = {isa = PBXFileReference; lastKnownFileType = sourcecode.swift; path = ItemModel.swift; sourceTree = "<group>"; };
		20EE2C592D3C5722003B34E2 /* NetworkingError.swift */ = {isa = PBXFileReference; lastKnownFileType = sourcecode.swift; path = NetworkingError.swift; sourceTree = "<group>"; };
		20EE2C5B2D3C5DA6003B34E2 /* CategoryMetadataModel.swift */ = {isa = PBXFileReference; lastKnownFileType = sourcecode.swift; path = CategoryMetadataModel.swift; sourceTree = "<group>"; };
		20EE2C5D2D3C8A13003B34E2 /* CategoryResponseDataModel.swift */ = {isa = PBXFileReference; lastKnownFileType = sourcecode.swift; path = CategoryResponseDataModel.swift; sourceTree = "<group>"; };
		20EE2C612D3CB7F8003B34E2 /* CategoriesRepository.swift */ = {isa = PBXFileReference; lastKnownFileType = sourcecode.swift; path = CategoriesRepository.swift; sourceTree = "<group>"; };
		20EE2C632D3CB80D003B34E2 /* CategoriesRepositoryProtocol.swift */ = {isa = PBXFileReference; lastKnownFileType = sourcecode.swift; path = CategoriesRepositoryProtocol.swift; sourceTree = "<group>"; };
		20EE2C662D3CBB30003B34E2 /* GetAllCategoriesUseCase.swift */ = {isa = PBXFileReference; lastKnownFileType = sourcecode.swift; path = GetAllCategoriesUseCase.swift; sourceTree = "<group>"; };
		20EE2C6A2D3CBCF7003B34E2 /* DependencyInjection.swift */ = {isa = PBXFileReference; lastKnownFileType = sourcecode.swift; path = DependencyInjection.swift; sourceTree = "<group>"; };
/* End PBXFileReference section */

/* Begin PBXFrameworksBuildPhase section */
		2057EF622D3AA5830031A0A5 /* Frameworks */ = {
			isa = PBXFrameworksBuildPhase;
			buildActionMask = 2147483647;
			files = (
			);
			runOnlyForDeploymentPostprocessing = 0;
		};
/* End PBXFrameworksBuildPhase section */

/* Begin PBXGroup section */
		2057EF5C2D3AA5830031A0A5 = {
			isa = PBXGroup;
			children = (
				2057EF7B2D3C06EF0031A0A5 /* AlephTechnicalTest */,
				2057EF662D3AA5830031A0A5 /* Products */,
			);
			sourceTree = "<group>";
		};
		2057EF662D3AA5830031A0A5 /* Products */ = {
			isa = PBXGroup;
			children = (
				2057EF652D3AA5830031A0A5 /* AlephTechnicalTest.app */,
			);
			name = Products;
			sourceTree = "<group>";
		};
		2057EF772D3C06EF0031A0A5 /* Preview Content */ = {
			isa = PBXGroup;
			children = (
				2057EF762D3C06EF0031A0A5 /* Preview Assets.xcassets */,
			);
			path = "Preview Content";
			sourceTree = "<group>";
		};
		2057EF7B2D3C06EF0031A0A5 /* AlephTechnicalTest */ = {
			isa = PBXGroup;
			children = (
				20EE2C682D3CBCDC003B34E2 /* Common */,
				20EE2C482D3C5378003B34E2 /* Domain */,
				20EE2C472D3C530C003B34E2 /* Data */,
				2057EF802D3C06F30031A0A5 /* Presentation */,
				2057EF772D3C06EF0031A0A5 /* Preview Content */,
				2057EF782D3C06EF0031A0A5 /* AlephTechnicalTestApp.swift */,
				2057EF792D3C06EF0031A0A5 /* Assets.xcassets */,
			);
			path = AlephTechnicalTest;
			sourceTree = "<group>";
		};
		2057EF802D3C06F30031A0A5 /* Presentation */ = {
			isa = PBXGroup;
			children = (
				2057EF812D3C07890031A0A5 /* Home */,
			);
			path = Presentation;
			sourceTree = "<group>";
		};
		2057EF812D3C07890031A0A5 /* Home */ = {
			isa = PBXGroup;
			children = (
				2057EF822D3C07A10031A0A5 /* HomeView.swift */,
			);
			path = Home;
			sourceTree = "<group>";
		};
		20EE2C472D3C530C003B34E2 /* Data */ = {
			isa = PBXGroup;
			children = (
				20EE2C602D3CB7D6003B34E2 /* Repository */,
				20EE2C4E2D3C543D003B34E2 /* DataSource */,
			);
			path = Data;
			sourceTree = "<group>";
		};
		20EE2C482D3C5378003B34E2 /* Domain */ = {
			isa = PBXGroup;
			children = (
				20EE2C652D3CB91F003B34E2 /* UseCases */,
				20EE2C492D3C537D003B34E2 /* Entities */,
			);
			path = Domain;
			sourceTree = "<group>";
		};
		20EE2C492D3C537D003B34E2 /* Entities */ = {
			isa = PBXGroup;
			children = (
				20EE2C582D3C570B003B34E2 /* Enum */,
				20EE2C4A2D3C538B003B34E2 /* Model */,
			);
			path = Entities;
			sourceTree = "<group>";
		};
		20EE2C4A2D3C538B003B34E2 /* Model */ = {
			isa = PBXGroup;
			children = (
				20EE2C4B2D3C53A4003B34E2 /* APIResponse.swift */,
				20EE2C542D3C5546003B34E2 /* CategoryModel.swift */,
				20EE2C562D3C55B4003B34E2 /* ItemModel.swift */,
				20EE2C5B2D3C5DA6003B34E2 /* CategoryMetadataModel.swift */,
				20EE2C5D2D3C8A13003B34E2 /* CategoryResponseDataModel.swift */,
			);
			path = Model;
			sourceTree = "<group>";
		};
		20EE2C4E2D3C543D003B34E2 /* DataSource */ = {
			isa = PBXGroup;
			children = (
				20EE2C4F2D3C5455003B34E2 /* Remote */,
			);
			path = DataSource;
			sourceTree = "<group>";
		};
		20EE2C4F2D3C5455003B34E2 /* Remote */ = {
			isa = PBXGroup;
			children = (
				20EE2C502D3C548A003B34E2 /* CategoriesRemoteDataSource.swift */,
				20EE2C522D3C54BF003B34E2 /* CategoriesRemoteDataSourceProtocol.swift */,
			);
			path = Remote;
			sourceTree = "<group>";
		};
		20EE2C582D3C570B003B34E2 /* Enum */ = {
			isa = PBXGroup;
			children = (
				20EE2C592D3C5722003B34E2 /* NetworkingError.swift */,
			);
			path = Enum;
			sourceTree = "<group>";
		};
		20EE2C602D3CB7D6003B34E2 /* Repository */ = {
			isa = PBXGroup;
			children = (
				20EE2C612D3CB7F8003B34E2 /* CategoriesRepository.swift */,
				20EE2C632D3CB80D003B34E2 /* CategoriesRepositoryProtocol.swift */,
			);
			path = Repository;
			sourceTree = "<group>";
		};
		20EE2C652D3CB91F003B34E2 /* UseCases */ = {
			isa = PBXGroup;
			children = (
				20EE2C662D3CBB30003B34E2 /* GetAllCategoriesUseCase.swift */,
			);
			path = UseCases;
			sourceTree = "<group>";
		};
		20EE2C682D3CBCDC003B34E2 /* Common */ = {
			isa = PBXGroup;
			children = (
				20EE2C692D3CBCEA003B34E2 /* Utils */,
			);
			path = Common;
			sourceTree = "<group>";
		};
		20EE2C692D3CBCEA003B34E2 /* Utils */ = {
			isa = PBXGroup;
			children = (
				20EE2C6A2D3CBCF7003B34E2 /* DependencyInjection.swift */,
			);
			path = Utils;
			sourceTree = "<group>";
		};
/* End PBXGroup section */

/* Begin PBXNativeTarget section */
		2057EF642D3AA5830031A0A5 /* AlephTechnicalTest */ = {
			isa = PBXNativeTarget;
			buildConfigurationList = 2057EF732D3AA5840031A0A5 /* Build configuration list for PBXNativeTarget "AlephTechnicalTest" */;
			buildPhases = (
				2057EF612D3AA5830031A0A5 /* Sources */,
				2057EF622D3AA5830031A0A5 /* Frameworks */,
				2057EF632D3AA5830031A0A5 /* Resources */,
			);
			buildRules = (
			);
			dependencies = (
			);
			name = AlephTechnicalTest;
			packageProductDependencies = (
			);
			productName = AlephTechnicalTest;
			productReference = 2057EF652D3AA5830031A0A5 /* AlephTechnicalTest.app */;
			productType = "com.apple.product-type.application";
		};
/* End PBXNativeTarget section */

/* Begin PBXProject section */
		2057EF5D2D3AA5830031A0A5 /* Project object */ = {
			isa = PBXProject;
			attributes = {
				BuildIndependentTargetsInParallel = 1;
				LastSwiftUpdateCheck = 1600;
				LastUpgradeCheck = 1600;
				TargetAttributes = {
					2057EF642D3AA5830031A0A5 = {
						CreatedOnToolsVersion = 16.0;
					};
				};
			};
			buildConfigurationList = 2057EF602D3AA5830031A0A5 /* Build configuration list for PBXProject "AlephTechnicalTest" */;
			developmentRegion = en;
			hasScannedForEncodings = 0;
			knownRegions = (
				en,
				Base,
			);
			mainGroup = 2057EF5C2D3AA5830031A0A5;
			minimizedProjectReferenceProxies = 1;
			preferredProjectObjectVersion = 77;
			productRefGroup = 2057EF662D3AA5830031A0A5 /* Products */;
			projectDirPath = "";
			projectRoot = "";
			targets = (
				2057EF642D3AA5830031A0A5 /* AlephTechnicalTest */,
			);
		};
/* End PBXProject section */

/* Begin PBXResourcesBuildPhase section */
		2057EF632D3AA5830031A0A5 /* Resources */ = {
			isa = PBXResourcesBuildPhase;
			buildActionMask = 2147483647;
			files = (
				2057EF7C2D3C06EF0031A0A5 /* Preview Assets.xcassets in Resources */,
				2057EF7D2D3C06EF0031A0A5 /* Assets.xcassets in Resources */,
			);
			runOnlyForDeploymentPostprocessing = 0;
		};
/* End PBXResourcesBuildPhase section */

/* Begin PBXSourcesBuildPhase section */
		2057EF612D3AA5830031A0A5 /* Sources */ = {
			isa = PBXSourcesBuildPhase;
			buildActionMask = 2147483647;
			files = (
				20EE2C5E2D3C8A13003B34E2 /* CategoryResponseDataModel.swift in Sources */,
				20EE2C642D3CB80D003B34E2 /* CategoriesRepositoryProtocol.swift in Sources */,
				20EE2C512D3C548A003B34E2 /* CategoriesRemoteDataSource.swift in Sources */,
				20EE2C552D3C5546003B34E2 /* CategoryModel.swift in Sources */,
				20EE2C5A2D3C5722003B34E2 /* NetworkingError.swift in Sources */,
				20EE2C532D3C54BF003B34E2 /* CategoriesRemoteDataSourceProtocol.swift in Sources */,
				2057EF832D3C07A10031A0A5 /* HomeView.swift in Sources */,
				20EE2C672D3CBB30003B34E2 /* GetAllCategoriesUseCase.swift in Sources */,
				2057EF7E2D3C06EF0031A0A5 /* AlephTechnicalTestApp.swift in Sources */,
				20EE2C5C2D3C5DA6003B34E2 /* CategoryMetadataModel.swift in Sources */,
				20EE2C622D3CB7F8003B34E2 /* CategoriesRepository.swift in Sources */,
				20EE2C572D3C55B4003B34E2 /* ItemModel.swift in Sources */,
				20EE2C6B2D3CBCF7003B34E2 /* DependencyInjection.swift in Sources */,
				20EE2C4C2D3C53A4003B34E2 /* APIResponse.swift in Sources */,
			);
			runOnlyForDeploymentPostprocessing = 0;
		};
/* End PBXSourcesBuildPhase section */

/* Begin XCBuildConfiguration section */
		2057EF712D3AA5840031A0A5 /* Debug */ = {
			isa = XCBuildConfiguration;
			buildSettings = {
				ALWAYS_SEARCH_USER_PATHS = NO;
				ASSETCATALOG_COMPILER_GENERATE_SWIFT_ASSET_SYMBOL_EXTENSIONS = YES;
				CLANG_ANALYZER_NONNULL = YES;
				CLANG_ANALYZER_NUMBER_OBJECT_CONVERSION = YES_AGGRESSIVE;
				CLANG_CXX_LANGUAGE_STANDARD = "gnu++20";
				CLANG_ENABLE_MODULES = YES;
				CLANG_ENABLE_OBJC_ARC = YES;
				CLANG_ENABLE_OBJC_WEAK = YES;
				CLANG_WARN_BLOCK_CAPTURE_AUTORELEASING = YES;
				CLANG_WARN_BOOL_CONVERSION = YES;
				CLANG_WARN_COMMA = YES;
				CLANG_WARN_CONSTANT_CONVERSION = YES;
				CLANG_WARN_DEPRECATED_OBJC_IMPLEMENTATIONS = YES;
				CLANG_WARN_DIRECT_OBJC_ISA_USAGE = YES_ERROR;
				CLANG_WARN_DOCUMENTATION_COMMENTS = YES;
				CLANG_WARN_EMPTY_BODY = YES;
				CLANG_WARN_ENUM_CONVERSION = YES;
				CLANG_WARN_INFINITE_RECURSION = YES;
				CLANG_WARN_INT_CONVERSION = YES;
				CLANG_WARN_NON_LITERAL_NULL_CONVERSION = YES;
				CLANG_WARN_OBJC_IMPLICIT_RETAIN_SELF = YES;
				CLANG_WARN_OBJC_LITERAL_CONVERSION = YES;
				CLANG_WARN_OBJC_ROOT_CLASS = YES_ERROR;
				CLANG_WARN_QUOTED_INCLUDE_IN_FRAMEWORK_HEADER = YES;
				CLANG_WARN_RANGE_LOOP_ANALYSIS = YES;
				CLANG_WARN_STRICT_PROTOTYPES = YES;
				CLANG_WARN_SUSPICIOUS_MOVE = YES;
				CLANG_WARN_UNGUARDED_AVAILABILITY = YES_AGGRESSIVE;
				CLANG_WARN_UNREACHABLE_CODE = YES;
				CLANG_WARN__DUPLICATE_METHOD_MATCH = YES;
				COPY_PHASE_STRIP = NO;
				DEBUG_INFORMATION_FORMAT = dwarf;
				ENABLE_STRICT_OBJC_MSGSEND = YES;
				ENABLE_TESTABILITY = YES;
				ENABLE_USER_SCRIPT_SANDBOXING = YES;
				GCC_C_LANGUAGE_STANDARD = gnu17;
				GCC_DYNAMIC_NO_PIC = NO;
				GCC_NO_COMMON_BLOCKS = YES;
				GCC_OPTIMIZATION_LEVEL = 0;
				GCC_PREPROCESSOR_DEFINITIONS = (
					"DEBUG=1",
					"$(inherited)",
				);
				GCC_WARN_64_TO_32_BIT_CONVERSION = YES;
				GCC_WARN_ABOUT_RETURN_TYPE = YES_ERROR;
				GCC_WARN_UNDECLARED_SELECTOR = YES;
				GCC_WARN_UNINITIALIZED_AUTOS = YES_AGGRESSIVE;
				GCC_WARN_UNUSED_FUNCTION = YES;
				GCC_WARN_UNUSED_VARIABLE = YES;
				IPHONEOS_DEPLOYMENT_TARGET = 18.0;
				LOCALIZATION_PREFERS_STRING_CATALOGS = YES;
				MTL_ENABLE_DEBUG_INFO = INCLUDE_SOURCE;
				MTL_FAST_MATH = YES;
				ONLY_ACTIVE_ARCH = YES;
				SDKROOT = iphoneos;
				SWIFT_ACTIVE_COMPILATION_CONDITIONS = "DEBUG $(inherited)";
				SWIFT_OPTIMIZATION_LEVEL = "-Onone";
			};
			name = Debug;
		};
		2057EF722D3AA5840031A0A5 /* Release */ = {
			isa = XCBuildConfiguration;
			buildSettings = {
				ALWAYS_SEARCH_USER_PATHS = NO;
				ASSETCATALOG_COMPILER_GENERATE_SWIFT_ASSET_SYMBOL_EXTENSIONS = YES;
				CLANG_ANALYZER_NONNULL = YES;
				CLANG_ANALYZER_NUMBER_OBJECT_CONVERSION = YES_AGGRESSIVE;
				CLANG_CXX_LANGUAGE_STANDARD = "gnu++20";
				CLANG_ENABLE_MODULES = YES;
				CLANG_ENABLE_OBJC_ARC = YES;
				CLANG_ENABLE_OBJC_WEAK = YES;
				CLANG_WARN_BLOCK_CAPTURE_AUTORELEASING = YES;
				CLANG_WARN_BOOL_CONVERSION = YES;
				CLANG_WARN_COMMA = YES;
				CLANG_WARN_CONSTANT_CONVERSION = YES;
				CLANG_WARN_DEPRECATED_OBJC_IMPLEMENTATIONS = YES;
				CLANG_WARN_DIRECT_OBJC_ISA_USAGE = YES_ERROR;
				CLANG_WARN_DOCUMENTATION_COMMENTS = YES;
				CLANG_WARN_EMPTY_BODY = YES;
				CLANG_WARN_ENUM_CONVERSION = YES;
				CLANG_WARN_INFINITE_RECURSION = YES;
				CLANG_WARN_INT_CONVERSION = YES;
				CLANG_WARN_NON_LITERAL_NULL_CONVERSION = YES;
				CLANG_WARN_OBJC_IMPLICIT_RETAIN_SELF = YES;
				CLANG_WARN_OBJC_LITERAL_CONVERSION = YES;
				CLANG_WARN_OBJC_ROOT_CLASS = YES_ERROR;
				CLANG_WARN_QUOTED_INCLUDE_IN_FRAMEWORK_HEADER = YES;
				CLANG_WARN_RANGE_LOOP_ANALYSIS = YES;
				CLANG_WARN_STRICT_PROTOTYPES = YES;
				CLANG_WARN_SUSPICIOUS_MOVE = YES;
				CLANG_WARN_UNGUARDED_AVAILABILITY = YES_AGGRESSIVE;
				CLANG_WARN_UNREACHABLE_CODE = YES;
				CLANG_WARN__DUPLICATE_METHOD_MATCH = YES;
				COPY_PHASE_STRIP = NO;
				DEBUG_INFORMATION_FORMAT = "dwarf-with-dsym";
				ENABLE_NS_ASSERTIONS = NO;
				ENABLE_STRICT_OBJC_MSGSEND = YES;
				ENABLE_USER_SCRIPT_SANDBOXING = YES;
				GCC_C_LANGUAGE_STANDARD = gnu17;
				GCC_NO_COMMON_BLOCKS = YES;
				GCC_WARN_64_TO_32_BIT_CONVERSION = YES;
				GCC_WARN_ABOUT_RETURN_TYPE = YES_ERROR;
				GCC_WARN_UNDECLARED_SELECTOR = YES;
				GCC_WARN_UNINITIALIZED_AUTOS = YES_AGGRESSIVE;
				GCC_WARN_UNUSED_FUNCTION = YES;
				GCC_WARN_UNUSED_VARIABLE = YES;
				IPHONEOS_DEPLOYMENT_TARGET = 18.0;
				LOCALIZATION_PREFERS_STRING_CATALOGS = YES;
				MTL_ENABLE_DEBUG_INFO = NO;
				MTL_FAST_MATH = YES;
				SDKROOT = iphoneos;
				SWIFT_COMPILATION_MODE = wholemodule;
				VALIDATE_PRODUCT = YES;
			};
			name = Release;
		};
		2057EF742D3AA5840031A0A5 /* Debug */ = {
			isa = XCBuildConfiguration;
			buildSettings = {
				ASSETCATALOG_COMPILER_APPICON_NAME = AppIcon;
				ASSETCATALOG_COMPILER_GLOBAL_ACCENT_COLOR_NAME = AccentColor;
				CODE_SIGN_STYLE = Automatic;
				CURRENT_PROJECT_VERSION = 1;
				DEVELOPMENT_ASSET_PATHS = "\"AlephTechnicalTest/Preview Content\"";
				DEVELOPMENT_TEAM = 2RQ6LB993C;
				ENABLE_PREVIEWS = YES;
				GENERATE_INFOPLIST_FILE = YES;
				INFOPLIST_KEY_UIApplicationSceneManifest_Generation = YES;
				INFOPLIST_KEY_UIApplicationSupportsIndirectInputEvents = YES;
				INFOPLIST_KEY_UILaunchScreen_Generation = YES;
				INFOPLIST_KEY_UISupportedInterfaceOrientations_iPad = "UIInterfaceOrientationPortrait UIInterfaceOrientationPortraitUpsideDown UIInterfaceOrientationLandscapeLeft UIInterfaceOrientationLandscapeRight";
				INFOPLIST_KEY_UISupportedInterfaceOrientations_iPhone = "UIInterfaceOrientationPortrait UIInterfaceOrientationLandscapeLeft UIInterfaceOrientationLandscapeRight";
				LD_RUNPATH_SEARCH_PATHS = (
					"$(inherited)",
					"@executable_path/Frameworks",
				);
				MARKETING_VERSION = 1.0;
				PRODUCT_BUNDLE_IDENTIFIER = DindaAS.AlephTechnicalTest;
				PRODUCT_NAME = "$(TARGET_NAME)";
				SWIFT_EMIT_LOC_STRINGS = YES;
				SWIFT_VERSION = 5.0;
				TARGETED_DEVICE_FAMILY = "1,2";
			};
			name = Debug;
		};
		2057EF752D3AA5840031A0A5 /* Release */ = {
			isa = XCBuildConfiguration;
			buildSettings = {
				ASSETCATALOG_COMPILER_APPICON_NAME = AppIcon;
				ASSETCATALOG_COMPILER_GLOBAL_ACCENT_COLOR_NAME = AccentColor;
				CODE_SIGN_STYLE = Automatic;
				CURRENT_PROJECT_VERSION = 1;
				DEVELOPMENT_ASSET_PATHS = "\"AlephTechnicalTest/Preview Content\"";
				DEVELOPMENT_TEAM = 2RQ6LB993C;
				ENABLE_PREVIEWS = YES;
				GENERATE_INFOPLIST_FILE = YES;
				INFOPLIST_KEY_UIApplicationSceneManifest_Generation = YES;
				INFOPLIST_KEY_UIApplicationSupportsIndirectInputEvents = YES;
				INFOPLIST_KEY_UILaunchScreen_Generation = YES;
				INFOPLIST_KEY_UISupportedInterfaceOrientations_iPad = "UIInterfaceOrientationPortrait UIInterfaceOrientationPortraitUpsideDown UIInterfaceOrientationLandscapeLeft UIInterfaceOrientationLandscapeRight";
				INFOPLIST_KEY_UISupportedInterfaceOrientations_iPhone = "UIInterfaceOrientationPortrait UIInterfaceOrientationLandscapeLeft UIInterfaceOrientationLandscapeRight";
				LD_RUNPATH_SEARCH_PATHS = (
					"$(inherited)",
					"@executable_path/Frameworks",
				);
				MARKETING_VERSION = 1.0;
				PRODUCT_BUNDLE_IDENTIFIER = DindaAS.AlephTechnicalTest;
				PRODUCT_NAME = "$(TARGET_NAME)";
				SWIFT_EMIT_LOC_STRINGS = YES;
				SWIFT_VERSION = 5.0;
				TARGETED_DEVICE_FAMILY = "1,2";
			};
			name = Release;
		};
/* End XCBuildConfiguration section */

/* Begin XCConfigurationList section */
		2057EF602D3AA5830031A0A5 /* Build configuration list for PBXProject "AlephTechnicalTest" */ = {
			isa = XCConfigurationList;
			buildConfigurations = (
				2057EF712D3AA5840031A0A5 /* Debug */,
				2057EF722D3AA5840031A0A5 /* Release */,
			);
			defaultConfigurationIsVisible = 0;
			defaultConfigurationName = Release;
		};
		2057EF732D3AA5840031A0A5 /* Build configuration list for PBXNativeTarget "AlephTechnicalTest" */ = {
			isa = XCConfigurationList;
			buildConfigurations = (
				2057EF742D3AA5840031A0A5 /* Debug */,
				2057EF752D3AA5840031A0A5 /* Release */,
			);
			defaultConfigurationIsVisible = 0;
			defaultConfigurationName = Release;
		};
/* End XCConfigurationList section */
	};
	rootObject = 2057EF5D2D3AA5830031A0A5 /* Project object */;
}
